
Microsoft Visual Studio Solution File, Format Version 12.00
# Visual Studio Version 16
VisualStudioVersion = 16.0.29102.190
MinimumVisualStudioVersion = 10.0.40219.1
Project("{FAE04EC0-301F-11D3-BF4B-00C04F79EFBC}") = "AlertSystem", "AlertSystem\AlertSystem.csproj", "{EA7FA4F6-AA04-46D4-8142-04C59005ECDC}"
EndProject
Global
	GlobalSection(SolutionConfigurationPlatforms) = preSolution
		Debug|Any CPU = Debug|Any CPU
		Release|Any CPU = Release|Any CPU
	EndGlobalSection
	GlobalSection(ProjectConfigurationPlatforms) = postSolution
		{EA7FA4F6-AA04-46D4-8142-04C59005ECDC}.Debug|Any CPU.ActiveCfg = Debug|Any CPU
		{EA7FA4F6-AA04-46D4-8142-04C59005ECDC}.Debug|Any CPU.Build.0 = Debug|Any CPU
		{EA7FA4F6-AA04-46D4-8142-04C59005ECDC}.Release|Any CPU.ActiveCfg = Release|Any CPU
		{EA7FA4F6-AA04-46D4-8142-04C59005ECDC}.Release|Any CPU.Build.0 = Release|Any CPU
	EndGlobalSection
	GlobalSection(SolutionProperties) = preSolution
		HideSolutionNode = FALSE
	EndGlobalSection
	GlobalSection(ExtensibilityGlobals) = postSolution
		SolutionGuid = {A098AAE9-C0DA-4DBC-ADB2-7A4DC8F02C3A}
	EndGlobalSection
EndGlobal
