
Microsoft Visual Studio Solution File, Format Version 12.00
# Visual Studio Version 16
VisualStudioVersion = 16.0.29102.190
MinimumVisualStudioVersion = 10.0.40219.1
Project("{FAE04EC0-301F-11D3-BF4B-00C04F79EFBC}") = "Icu", "Icu\Icu.csproj", "{C0C4C91A-0275-4691-B31E-6A6DBFB81F5D}"
EndProject
Project("{FAE04EC0-301F-11D3-BF4B-00C04F79EFBC}") = "MonitoringSystem", "MonitoringSystem\MonitoringSystem.csproj", "{FFE19E83-D228-4577-83C6-8F241F686CCF}"
EndProject
Project("{FAE04EC0-301F-11D3-BF4B-00C04F79EFBC}") = "AlertSystem", "AlertSystem\AlertSystem.csproj", "{C5607C27-66E4-4D87-A0DF-9D1A2FEDFC58}"
EndProject
Project("{FAE04EC0-301F-11D3-BF4B-00C04F79EFBC}") = "Patient", "Patient\Patient.csproj", "{993A7906-6CF0-47CA-BC83-64231970E87D}"
EndProject
Project("{FAE04EC0-301F-11D3-BF4B-00C04F79EFBC}") = "PatientDataGenerator", "PatientDataGenerator\PatientDataGenerator.csproj", "{C8703461-CD4A-4CEB-B7C5-A19F829914D0}"
EndProject
Global
	GlobalSection(SolutionConfigurationPlatforms) = preSolution
		Debug|Any CPU = Debug|Any CPU
		Release|Any CPU = Release|Any CPU
	EndGlobalSection
	GlobalSection(ProjectConfigurationPlatforms) = postSolution
		{C0C4C91A-0275-4691-B31E-6A6DBFB81F5D}.Debug|Any CPU.ActiveCfg = Debug|Any CPU
		{C0C4C91A-0275-4691-B31E-6A6DBFB81F5D}.Debug|Any CPU.Build.0 = Debug|Any CPU
		{C0C4C91A-0275-4691-B31E-6A6DBFB81F5D}.Release|Any CPU.ActiveCfg = Release|Any CPU
		{C0C4C91A-0275-4691-B31E-6A6DBFB81F5D}.Release|Any CPU.Build.0 = Release|Any CPU
		{FFE19E83-D228-4577-83C6-8F241F686CCF}.Debug|Any CPU.ActiveCfg = Debug|Any CPU
		{FFE19E83-D228-4577-83C6-8F241F686CCF}.Debug|Any CPU.Build.0 = Debug|Any CPU
		{FFE19E83-D228-4577-83C6-8F241F686CCF}.Release|Any CPU.ActiveCfg = Release|Any CPU
		{FFE19E83-D228-4577-83C6-8F241F686CCF}.Release|Any CPU.Build.0 = Release|Any CPU
		{C5607C27-66E4-4D87-A0DF-9D1A2FEDFC58}.Debug|Any CPU.ActiveCfg = Debug|Any CPU
		{C5607C27-66E4-4D87-A0DF-9D1A2FEDFC58}.Debug|Any CPU.Build.0 = Debug|Any CPU
		{C5607C27-66E4-4D87-A0DF-9D1A2FEDFC58}.Release|Any CPU.ActiveCfg = Release|Any CPU
		{C5607C27-66E4-4D87-A0DF-9D1A2FEDFC58}.Release|Any CPU.Build.0 = Release|Any CPU
		{993A7906-6CF0-47CA-BC83-64231970E87D}.Debug|Any CPU.ActiveCfg = Debug|Any CPU
		{993A7906-6CF0-47CA-BC83-64231970E87D}.Debug|Any CPU.Build.0 = Debug|Any CPU
		{993A7906-6CF0-47CA-BC83-64231970E87D}.Release|Any CPU.ActiveCfg = Release|Any CPU
		{993A7906-6CF0-47CA-BC83-64231970E87D}.Release|Any CPU.Build.0 = Release|Any CPU
		{C8703461-CD4A-4CEB-B7C5-A19F829914D0}.Debug|Any CPU.ActiveCfg = Debug|Any CPU
		{C8703461-CD4A-4CEB-B7C5-A19F829914D0}.Debug|Any CPU.Build.0 = Debug|Any CPU
		{C8703461-CD4A-4CEB-B7C5-A19F829914D0}.Release|Any CPU.ActiveCfg = Release|Any CPU
		{C8703461-CD4A-4CEB-B7C5-A19F829914D0}.Release|Any CPU.Build.0 = Release|Any CPU
	EndGlobalSection
	GlobalSection(SolutionProperties) = preSolution
		HideSolutionNode = FALSE
	EndGlobalSection
	GlobalSection(ExtensibilityGlobals) = postSolution
		SolutionGuid = {A098AAE9-C0DA-4DBC-ADB2-7A4DC8F02C3A}
	EndGlobalSection
EndGlobal
